// !$*UTF8*$!
{
	archiveVersion = 1;
	classes = {
	};
	objectVersion = 55;
	objects = {

/* Begin PBXBuildFile section */
		29B9FCBC271F62EE00C00173 /* AppDelegate.swift in Sources */ = {isa = PBXBuildFile; fileRef = 29B9FCBB271F62EE00C00173 /* AppDelegate.swift */; };
		29B9FCBE271F62EE00C00173 /* SceneDelegate.swift in Sources */ = {isa = PBXBuildFile; fileRef = 29B9FCBD271F62EE00C00173 /* SceneDelegate.swift */; };
		29B9FCC0271F62EE00C00173 /* ViewController.swift in Sources */ = {isa = PBXBuildFile; fileRef = 29B9FCBF271F62EE00C00173 /* ViewController.swift */; };
		29B9FCC3271F62EE00C00173 /* Main.storyboard in Resources */ = {isa = PBXBuildFile; fileRef = 29B9FCC1271F62EE00C00173 /* Main.storyboard */; };
		29B9FCC6271F62EE00C00173 /* CoreDataToDoApp.xcdatamodeld in Sources */ = {isa = PBXBuildFile; fileRef = 29B9FCC4271F62EE00C00173 /* CoreDataToDoApp.xcdatamodeld */; };
		29B9FCC8271F62F100C00173 /* Assets.xcassets in Resources */ = {isa = PBXBuildFile; fileRef = 29B9FCC7271F62F100C00173 /* Assets.xcassets */; };
		29B9FCCB271F62F100C00173 /* LaunchScreen.storyboard in Resources */ = {isa = PBXBuildFile; fileRef = 29B9FCC9271F62F100C00173 /* LaunchScreen.storyboard */; };
		29B9FCD5271F75F900C00173 /* Extensions.swift in Sources */ = {isa = PBXBuildFile; fileRef = 29B9FCD4271F75F900C00173 /* Extensions.swift */; };
/* End PBXBuildFile section */

/* Begin PBXFileReference section */
		29B9FCB8271F62EE00C00173 /* CoreDataToDoApp.app */ = {isa = PBXFileReference; explicitFileType = wrapper.application; includeInIndex = 0; path = CoreDataToDoApp.app; sourceTree = BUILT_PRODUCTS_DIR; };
		29B9FCBB271F62EE00C00173 /* AppDelegate.swift */ = {isa = PBXFileReference; lastKnownFileType = sourcecode.swift; name = AppDelegate.swift; path = "../New Group/AppDelegate.swift"; sourceTree = "<group>"; };
		29B9FCBD271F62EE00C00173 /* SceneDelegate.swift */ = {isa = PBXFileReference; lastKnownFileType = sourcecode.swift; path = SceneDelegate.swift; sourceTree = "<group>"; };
		29B9FCBF271F62EE00C00173 /* ViewController.swift */ = {isa = PBXFileReference; lastKnownFileType = sourcecode.swift; path = ViewController.swift; sourceTree = "<group>"; };
		29B9FCC2271F62EE00C00173 /* Base */ = {isa = PBXFileReference; lastKnownFileType = file.storyboard; name = Base; path = Base.lproj/Main.storyboard; sourceTree = "<group>"; };
		29B9FCC5271F62EE00C00173 /* CoreDataToDoApp.xcdatamodel */ = {isa = PBXFileReference; lastKnownFileType = wrapper.xcdatamodel; path = CoreDataToDoApp.xcdatamodel; sourceTree = "<group>"; };
		29B9FCC7271F62F100C00173 /* Assets.xcassets */ = {isa = PBXFileReference; lastKnownFileType = folder.assetcatalog; path = Assets.xcassets; sourceTree = "<group>"; };
		29B9FCCA271F62F100C00173 /* Base */ = {isa = PBXFileReference; lastKnownFileType = file.storyboard; name = Base; path = Base.lproj/LaunchScreen.storyboard; sourceTree = "<group>"; };
		29B9FCCC271F62F100C00173 /* Info.plist */ = {isa = PBXFileReference; lastKnownFileType = text.plist.xml; path = Info.plist; sourceTree = "<group>"; };
		29B9FCD4271F75F900C00173 /* Extensions.swift */ = {isa = PBXFileReference; lastKnownFileType = sourcecode.swift; path = Extensions.swift; sourceTree = "<group>"; };
/* End PBXFileReference section */

/* Begin PBXFrameworksBuildPhase section */
		29B9FCB5271F62EE00C00173 /* Frameworks */ = {
			isa = PBXFrameworksBuildPhase;
			buildActionMask = 2147483647;
			files = (
			);
			runOnlyForDeploymentPostprocessing = 0;
		};
/* End PBXFrameworksBuildPhase section */

/* Begin PBXGroup section */
		29B9FCAF271F62EE00C00173 = {
			isa = PBXGroup;
			children = (
				29B9FCBA271F62EE00C00173 /* CoreDataToDoApp */,
				29B9FCB9271F62EE00C00173 /* Products */,
			);
			sourceTree = "<group>";
		};
		29B9FCB9271F62EE00C00173 /* Products */ = {
			isa = PBXGroup;
			children = (
				29B9FCB8271F62EE00C00173 /* CoreDataToDoApp.app */,
			);
			name = Products;
			sourceTree = "<group>";
		};
		29B9FCBA271F62EE00C00173 /* CoreDataToDoApp */ = {
			isa = PBXGroup;
			children = (
				29B9FCD3271F75E000C00173 /* Resources */,
				29B9FCD2271F636000C00173 /* Controllers */,
				29B9FCC1271F62EE00C00173 /* Main.storyboard */,
				29B9FCC7271F62F100C00173 /* Assets.xcassets */,
				29B9FCC9271F62F100C00173 /* LaunchScreen.storyboard */,
				29B9FCCC271F62F100C00173 /* Info.plist */,
				29B9FCC4271F62EE00C00173 /* CoreDataToDoApp.xcdatamodeld */,
			);
			path = CoreDataToDoApp;
			sourceTree = "<group>";
		};
		29B9FCD2271F636000C00173 /* Controllers */ = {
			isa = PBXGroup;
			children = (
				29B9FCBF271F62EE00C00173 /* ViewController.swift */,
			);
			path = Controllers;
			sourceTree = "<group>";
		};
		29B9FCD3271F75E000C00173 /* Resources */ = {
			isa = PBXGroup;
			children = (
				29B9FCBD271F62EE00C00173 /* SceneDelegate.swift */,
				29B9FCBB271F62EE00C00173 /* AppDelegate.swift */,
				29B9FCD4271F75F900C00173 /* Extensions.swift */,
			);
			path = Resources;
			sourceTree = "<group>";
		};
/* End PBXGroup section */

/* Begin PBXNativeTarget section */
		29B9FCB7271F62EE00C00173 /* CoreDataToDoApp */ = {
			isa = PBXNativeTarget;
			buildConfigurationList = 29B9FCCF271F62F100C00173 /* Build configuration list for PBXNativeTarget "CoreDataToDoApp" */;
			buildPhases = (
				29B9FCB4271F62EE00C00173 /* Sources */,
				29B9FCB5271F62EE00C00173 /* Frameworks */,
				29B9FCB6271F62EE00C00173 /* Resources */,
			);
			buildRules = (
			);
			dependencies = (
			);
			name = CoreDataToDoApp;
			productName = CoreDataToDoApp;
			productReference = 29B9FCB8271F62EE00C00173 /* CoreDataToDoApp.app */;
			productType = "com.apple.product-type.application";
		};
/* End PBXNativeTarget section */

/* Begin PBXProject section */
		29B9FCB0271F62EE00C00173 /* Project object */ = {
			isa = PBXProject;
			attributes = {
				BuildIndependentTargetsInParallel = 1;
				LastSwiftUpdateCheck = 1300;
				LastUpgradeCheck = 1300;
				TargetAttributes = {
					29B9FCB7271F62EE00C00173 = {
						CreatedOnToolsVersion = 13.0;
					};
				};
			};
			buildConfigurationList = 29B9FCB3271F62EE00C00173 /* Build configuration list for PBXProject "CoreDataToDoApp" */;
			compatibilityVersion = "Xcode 13.0";
			developmentRegion = en;
			hasScannedForEncodings = 0;
			knownRegions = (
				en,
				Base,
			);
			mainGroup = 29B9FCAF271F62EE00C00173;
			productRefGroup = 29B9FCB9271F62EE00C00173 /* Products */;
			projectDirPath = "";
			projectRoot = "";
			targets = (
				29B9FCB7271F62EE00C00173 /* CoreDataToDoApp */,
			);
		};
/* End PBXProject section */

/* Begin PBXResourcesBuildPhase section */
		29B9FCB6271F62EE00C00173 /* Resources */ = {
			isa = PBXResourcesBuildPhase;
			buildActionMask = 2147483647;
			files = (
				29B9FCCB271F62F100C00173 /* LaunchScreen.storyboard in Resources */,
				29B9FCC8271F62F100C00173 /* Assets.xcassets in Resources */,
				29B9FCC3271F62EE00C00173 /* Main.storyboard in Resources */,
			);
			runOnlyForDeploymentPostprocessing = 0;
		};
/* End PBXResourcesBuildPhase section */

/* Begin PBXSourcesBuildPhase section */
		29B9FCB4271F62EE00C00173 /* Sources */ = {
			isa = PBXSourcesBuildPhase;
			buildActionMask = 2147483647;
			files = (
				29B9FCD5271F75F900C00173 /* Extensions.swift in Sources */,
				29B9FCC0271F62EE00C00173 /* ViewController.swift in Sources */,
				29B9FCBC271F62EE00C00173 /* AppDelegate.swift in Sources */,
				29B9FCC6271F62EE00C00173 /* CoreDataToDoApp.xcdatamodeld in Sources */,
				29B9FCBE271F62EE00C00173 /* SceneDelegate.swift in Sources */,
			);
			runOnlyForDeploymentPostprocessing = 0;
		};
/* End PBXSourcesBuildPhase section */

/* Begin PBXVariantGroup section */
		29B9FCC1271F62EE00C00173 /* Main.storyboard */ = {
			isa = PBXVariantGroup;
			children = (
				29B9FCC2271F62EE00C00173 /* Base */,
			);
			name = Main.storyboard;
			sourceTree = "<group>";
		};
		29B9FCC9271F62F100C00173 /* LaunchScreen.storyboard */ = {
			isa = PBXVariantGroup;
			children = (
				29B9FCCA271F62F100C00173 /* Base */,
			);
			name = LaunchScreen.storyboard;
			sourceTree = "<group>";
		};
/* End PBXVariantGroup section */

/* Begin XCBuildConfiguration section */
		29B9FCCD271F62F100C00173 /* Debug */ = {
			isa = XCBuildConfiguration;
			buildSettings = {
				ALWAYS_SEARCH_USER_PATHS = NO;
				CLANG_ANALYZER_NONNULL = YES;
				CLANG_ANALYZER_NUMBER_OBJECT_CONVERSION = YES_AGGRESSIVE;
				CLANG_CXX_LANGUAGE_STANDARD = "gnu++17";
				CLANG_CXX_LIBRARY = "libc++";
				CLANG_ENABLE_MODULES = YES;
				CLANG_ENABLE_OBJC_ARC = YES;
				CLANG_ENABLE_OBJC_WEAK = YES;
				CLANG_WARN_BLOCK_CAPTURE_AUTORELEASING = YES;
				CLANG_WARN_BOOL_CONVERSION = YES;
				CLANG_WARN_COMMA = YES;
				CLANG_WARN_CONSTANT_CONVERSION = YES;
				CLANG_WARN_DEPRECATED_OBJC_IMPLEMENTATIONS = YES;
				CLANG_WARN_DIRECT_OBJC_ISA_USAGE = YES_ERROR;
				CLANG_WARN_DOCUMENTATION_COMMENTS = YES;
				CLANG_WARN_EMPTY_BODY = YES;
				CLANG_WARN_ENUM_CONVERSION = YES;
				CLANG_WARN_INFINITE_RECURSION = YES;
				CLANG_WARN_INT_CONVERSION = YES;
				CLANG_WARN_NON_LITERAL_NULL_CONVERSION = YES;
				CLANG_WARN_OBJC_IMPLICIT_RETAIN_SELF = YES;
				CLANG_WARN_OBJC_LITERAL_CONVERSION = YES;
				CLANG_WARN_OBJC_ROOT_CLASS = YES_ERROR;
				CLANG_WARN_QUOTED_INCLUDE_IN_FRAMEWORK_HEADER = YES;
				CLANG_WARN_RANGE_LOOP_ANALYSIS = YES;
				CLANG_WARN_STRICT_PROTOTYPES = YES;
				CLANG_WARN_SUSPICIOUS_MOVE = YES;
				CLANG_WARN_UNGUARDED_AVAILABILITY = YES_AGGRESSIVE;
				CLANG_WARN_UNREACHABLE_CODE = YES;
				CLANG_WARN__DUPLICATE_METHOD_MATCH = YES;
				COPY_PHASE_STRIP = NO;
				DEBUG_INFORMATION_FORMAT = dwarf;
				ENABLE_STRICT_OBJC_MSGSEND = YES;
				ENABLE_TESTABILITY = YES;
				GCC_C_LANGUAGE_STANDARD = gnu11;
				GCC_DYNAMIC_NO_PIC = NO;
				GCC_NO_COMMON_BLOCKS = YES;
				GCC_OPTIMIZATION_LEVEL = 0;
				GCC_PREPROCESSOR_DEFINITIONS = (
					"DEBUG=1",
					"$(inherited)",
				);
				GCC_WARN_64_TO_32_BIT_CONVERSION = YES;
				GCC_WARN_ABOUT_RETURN_TYPE = YES_ERROR;
				GCC_WARN_UNDECLARED_SELECTOR = YES;
				GCC_WARN_UNINITIALIZED_AUTOS = YES_AGGRESSIVE;
				GCC_WARN_UNUSED_FUNCTION = YES;
				GCC_WARN_UNUSED_VARIABLE = YES;
				IPHONEOS_DEPLOYMENT_TARGET = 15.0;
				MTL_ENABLE_DEBUG_INFO = INCLUDE_SOURCE;
				MTL_FAST_MATH = YES;
				ONLY_ACTIVE_ARCH = YES;
				SDKROOT = iphoneos;
				SWIFT_ACTIVE_COMPILATION_CONDITIONS = DEBUG;
				SWIFT_OPTIMIZATION_LEVEL = "-Onone";
			};
			name = Debug;
		};
		29B9FCCE271F62F100C00173 /* Release */ = {
			isa = XCBuildConfiguration;
			buildSettings = {
				ALWAYS_SEARCH_USER_PATHS = NO;
				CLANG_ANALYZER_NONNULL = YES;
				CLANG_ANALYZER_NUMBER_OBJECT_CONVERSION = YES_AGGRESSIVE;
				CLANG_CXX_LANGUAGE_STANDARD = "gnu++17";
				CLANG_CXX_LIBRARY = "libc++";
				CLANG_ENABLE_MODULES = YES;
				CLANG_ENABLE_OBJC_ARC = YES;
				CLANG_ENABLE_OBJC_WEAK = YES;
				CLANG_WARN_BLOCK_CAPTURE_AUTORELEASING = YES;
				CLANG_WARN_BOOL_CONVERSION = YES;
				CLANG_WARN_COMMA = YES;
				CLANG_WARN_CONSTANT_CONVERSION = YES;
				CLANG_WARN_DEPRECATED_OBJC_IMPLEMENTATIONS = YES;
				CLANG_WARN_DIRECT_OBJC_ISA_USAGE = YES_ERROR;
				CLANG_WARN_DOCUMENTATION_COMMENTS = YES;
				CLANG_WARN_EMPTY_BODY = YES;
				CLANG_WARN_ENUM_CONVERSION = YES;
				CLANG_WARN_INFINITE_RECURSION = YES;
				CLANG_WARN_INT_CONVERSION = YES;
				CLANG_WARN_NON_LITERAL_NULL_CONVERSION = YES;
				CLANG_WARN_OBJC_IMPLICIT_RETAIN_SELF = YES;
				CLANG_WARN_OBJC_LITERAL_CONVERSION = YES;
				CLANG_WARN_OBJC_ROOT_CLASS = YES_ERROR;
				CLANG_WARN_QUOTED_INCLUDE_IN_FRAMEWORK_HEADER = YES;
				CLANG_WARN_RANGE_LOOP_ANALYSIS = YES;
				CLANG_WARN_STRICT_PROTOTYPES = YES;
				CLANG_WARN_SUSPICIOUS_MOVE = YES;
				CLANG_WARN_UNGUARDED_AVAILABILITY = YES_AGGRESSIVE;
				CLANG_WARN_UNREACHABLE_CODE = YES;
				CLANG_WARN__DUPLICATE_METHOD_MATCH = YES;
				COPY_PHASE_STRIP = NO;
				DEBUG_INFORMATION_FORMAT = "dwarf-with-dsym";
				ENABLE_NS_ASSERTIONS = NO;
				ENABLE_STRICT_OBJC_MSGSEND = YES;
				GCC_C_LANGUAGE_STANDARD = gnu11;
				GCC_NO_COMMON_BLOCKS = YES;
				GCC_WARN_64_TO_32_BIT_CONVERSION = YES;
				GCC_WARN_ABOUT_RETURN_TYPE = YES_ERROR;
				GCC_WARN_UNDECLARED_SELECTOR = YES;
				GCC_WARN_UNINITIALIZED_AUTOS = YES_AGGRESSIVE;
				GCC_WARN_UNUSED_FUNCTION = YES;
				GCC_WARN_UNUSED_VARIABLE = YES;
				IPHONEOS_DEPLOYMENT_TARGET = 15.0;
				MTL_ENABLE_DEBUG_INFO = NO;
				MTL_FAST_MATH = YES;
				SDKROOT = iphoneos;
				SWIFT_COMPILATION_MODE = wholemodule;
				SWIFT_OPTIMIZATION_LEVEL = "-O";
				VALIDATE_PRODUCT = YES;
			};
			name = Release;
		};
		29B9FCD0271F62F100C00173 /* Debug */ = {
			isa = XCBuildConfiguration;
			buildSettings = {
				ASSETCATALOG_COMPILER_APPICON_NAME = AppIcon;
				ASSETCATALOG_COMPILER_GLOBAL_ACCENT_COLOR_NAME = AccentColor;
				CODE_SIGN_STYLE = Automatic;
				CURRENT_PROJECT_VERSION = 1;
				DEVELOPMENT_TEAM = QTC9TXRFDC;
				GENERATE_INFOPLIST_FILE = YES;
				INFOPLIST_FILE = CoreDataToDoApp/Info.plist;
				INFOPLIST_KEY_UIApplicationSupportsIndirectInputEvents = YES;
				INFOPLIST_KEY_UILaunchStoryboardName = LaunchScreen;
				INFOPLIST_KEY_UIMainStoryboardFile = Main;
				INFOPLIST_KEY_UISupportedInterfaceOrientations_iPad = "UIInterfaceOrientationPortrait UIInterfaceOrientationPortraitUpsideDown UIInterfaceOrientationLandscapeLeft UIInterfaceOrientationLandscapeRight";
				INFOPLIST_KEY_UISupportedInterfaceOrientations_iPhone = "UIInterfaceOrientationPortrait UIInterfaceOrientationLandscapeLeft UIInterfaceOrientationLandscapeRight";
				LD_RUNPATH_SEARCH_PATHS = (
					"$(inherited)",
					"@executable_path/Frameworks",
				);
				MARKETING_VERSION = 1.0;
				PRODUCT_BUNDLE_IDENTIFIER = co.llamastudios.CoreDataToDoApp;
				PRODUCT_NAME = "$(TARGET_NAME)";
				SWIFT_EMIT_LOC_STRINGS = YES;
				SWIFT_VERSION = 5.0;
				TARGETED_DEVICE_FAMILY = "1,2";
			};
			name = Debug;
		};
		29B9FCD1271F62F100C00173 /* Release */ = {
			isa = XCBuildConfiguration;
			buildSettings = {
				ASSETCATALOG_COMPILER_APPICON_NAME = AppIcon;
				ASSETCATALOG_COMPILER_GLOBAL_ACCENT_COLOR_NAME = AccentColor;
				CODE_SIGN_STYLE = Automatic;
				CURRENT_PROJECT_VERSION = 1;
				DEVELOPMENT_TEAM = QTC9TXRFDC;
				GENERATE_INFOPLIST_FILE = YES;
				INFOPLIST_FILE = CoreDataToDoApp/Info.plist;
				INFOPLIST_KEY_UIApplicationSupportsIndirectInputEvents = YES;
				INFOPLIST_KEY_UILaunchStoryboardName = LaunchScreen;
				INFOPLIST_KEY_UIMainStoryboardFile = Main;
				INFOPLIST_KEY_UISupportedInterfaceOrientations_iPad = "UIInterfaceOrientationPortrait UIInterfaceOrientationPortraitUpsideDown UIInterfaceOrientationLandscapeLeft UIInterfaceOrientationLandscapeRight";
				INFOPLIST_KEY_UISupportedInterfaceOrientations_iPhone = "UIInterfaceOrientationPortrait UIInterfaceOrientationLandscapeLeft UIInterfaceOrientationLandscapeRight";
				LD_RUNPATH_SEARCH_PATHS = (
					"$(inherited)",
					"@executable_path/Frameworks",
				);
				MARKETING_VERSION = 1.0;
				PRODUCT_BUNDLE_IDENTIFIER = co.llamastudios.CoreDataToDoApp;
				PRODUCT_NAME = "$(TARGET_NAME)";
				SWIFT_EMIT_LOC_STRINGS = YES;
				SWIFT_VERSION = 5.0;
				TARGETED_DEVICE_FAMILY = "1,2";
			};
			name = Release;
		};
/* End XCBuildConfiguration section */

/* Begin XCConfigurationList section */
		29B9FCB3271F62EE00C00173 /* Build configuration list for PBXProject "CoreDataToDoApp" */ = {
			isa = XCConfigurationList;
			buildConfigurations = (
				29B9FCCD271F62F100C00173 /* Debug */,
				29B9FCCE271F62F100C00173 /* Release */,
			);
			defaultConfigurationIsVisible = 0;
			defaultConfigurationName = Release;
		};
		29B9FCCF271F62F100C00173 /* Build configuration list for PBXNativeTarget "CoreDataToDoApp" */ = {
			isa = XCConfigurationList;
			buildConfigurations = (
				29B9FCD0271F62F100C00173 /* Debug */,
				29B9FCD1271F62F100C00173 /* Release */,
			);
			defaultConfigurationIsVisible = 0;
			defaultConfigurationName = Release;
		};
/* End XCConfigurationList section */

/* Begin XCVersionGroup section */
		29B9FCC4271F62EE00C00173 /* CoreDataToDoApp.xcdatamodeld */ = {
			isa = XCVersionGroup;
			children = (
				29B9FCC5271F62EE00C00173 /* CoreDataToDoApp.xcdatamodel */,
			);
			currentVersion = 29B9FCC5271F62EE00C00173 /* CoreDataToDoApp.xcdatamodel */;
			path = CoreDataToDoApp.xcdatamodeld;
			sourceTree = "<group>";
			versionGroupType = wrapper.xcdatamodel;
		};
/* End XCVersionGroup section */
	};
	rootObject = 29B9FCB0271F62EE00C00173 /* Project object */;
}
